
Microsoft Visual Studio Solution File, Format Version 12.00
# Visual Studio Version 17
VisualStudioVersion = 17.9.34622.214
MinimumVisualStudioVersion = 10.0.40219.1
Project("{9A19103F-16F7-4668-BE54-9A1E7A4F7556}") = "B221202039", "PROJEOOP\B221202039.csproj", "{AC4C81A8-D535-4532-A045-168F3B4CA6DE}"
EndProject
Global
	GlobalSection(SolutionConfigurationPlatforms) = preSolution
		Debug|Any CPU = Debug|Any CPU
		Release|Any CPU = Release|Any CPU
	EndGlobalSection
	GlobalSection(ProjectConfigurationPlatforms) = postSolution
		{AC4C81A8-D535-4532-A045-168F3B4CA6DE}.Debug|Any CPU.ActiveCfg = Debug|Any CPU
		{AC4C81A8-D535-4532-A045-168F3B4CA6DE}.Debug|Any CPU.Build.0 = Debug|Any CPU
		{AC4C81A8-D535-4532-A045-168F3B4CA6DE}.Release|Any CPU.ActiveCfg = Release|Any CPU
		{AC4C81A8-D535-4532-A045-168F3B4CA6DE}.Release|Any CPU.Build.0 = Release|Any CPU
	EndGlobalSection
	GlobalSection(SolutionProperties) = preSolution
		HideSolutionNode = FALSE
	EndGlobalSection
	GlobalSection(ExtensibilityGlobals) = postSolution
		SolutionGuid = {B71CF3A1-DF9C-4263-AEBD-9E93D9DF4512}
	EndGlobalSection
EndGlobal
